# This file is automatically @generated by Cargo.
# It is not intended for manual editing.
[[package]]
name = "autocfg"
version = "1.0.1"
source = "registry+https://github.com/rust-lang/crates.io-index"
checksum = "cdb031dd78e28731d87d56cc8ffef4a8f36ca26c38fe2de700543e627f8a464a"

[[package]]
name = "bit_field"
version = "0.9.0"
source = "registry+https://github.com/rust-lang/crates.io-index"
checksum = "ed8765909f9009617974ab6b7d332625b320b33c326b1e9321382ef1999b5d56"

[[package]]
name = "bitflags"
version = "1.2.1"
source = "registry+https://github.com/rust-lang/crates.io-index"
checksum = "cf1de2fe8c75bc145a2f577add951f8134889b4795d47466a54a5c846d691693"

[[package]]
name = "bootloader"
version = "0.9.16"
source = "registry+https://github.com/rust-lang/crates.io-index"
checksum = "8cb1dc91ba8f16c89133c569bc2516833a632a654d61d228b16ae8d2bad5ed8a"

[[package]]
name = "cfg-if"
version = "1.0.0"
source = "registry+https://github.com/rust-lang/crates.io-index"
checksum = "baf1de4339761588bc0619e3cbc0120ee582ebb74b53b4efbf79117bd2da40fd"

[[package]]
name = "conquer-once"
version = "0.3.2"
source = "registry+https://github.com/rust-lang/crates.io-index"
checksum = "7c6d3a9775a69f6d1fe2cc888999b67ed30257d3da4d2af91984e722f2ec918a"
dependencies = [
 "conquer-util",
]

[[package]]
name = "conquer-util"
version = "0.3.0"
source = "registry+https://github.com/rust-lang/crates.io-index"
checksum = "e763eef8846b13b380f37dfecda401770b0ca4e56e95170237bd7c25c7db3582"

[[package]]
name = "cpuio"
version = "0.3.0"
source = "registry+https://github.com/rust-lang/crates.io-index"
checksum = "d531514efb06912141fa65967447de805691b685a7565c87d1765afe34a98aa7"

[[package]]
name = "crossbeam-queue"
version = "0.3.1"
source = "registry+https://github.com/rust-lang/crates.io-index"
checksum = "0f6cb3c7f5b8e51bc3ebb73a2327ad4abdbd119dc13223f14f961d2f38486756"
dependencies = [
 "cfg-if",
 "crossbeam-utils",
]

[[package]]
name = "crossbeam-utils"
version = "0.8.3"
source = "registry+https://github.com/rust-lang/crates.io-index"
checksum = "e7e9d99fa91428effe99c5c6d4634cdeba32b8cf784fc428a2a687f61a952c49"
dependencies = [
 "autocfg",
 "cfg-if",
]

[[package]]
name = "futures-core"
version = "0.3.13"
source = "registry+https://github.com/rust-lang/crates.io-index"
checksum = "15496a72fabf0e62bdc3df11a59a3787429221dd0710ba8ef163d6f7a9112c94"

[[package]]
name = "futures-task"
version = "0.3.13"
source = "registry+https://github.com/rust-lang/crates.io-index"
checksum = "fa189ef211c15ee602667a6fcfe1c1fd9e07d42250d2156382820fba33c9df80"

[[package]]
name = "futures-util"
version = "0.3.13"
source = "registry+https://github.com/rust-lang/crates.io-index"
checksum = "1812c7ab8aedf8d6f2701a43e1243acdbcc2b36ab26e2ad421eb99ac963d96d1"
dependencies = [
 "futures-core",
 "futures-task",
 "pin-project-lite",
 "pin-utils",
]

[[package]]
name = "linked_list_allocator"
version = "0.8.11"
source = "registry+https://github.com/rust-lang/crates.io-index"
checksum = "822add9edb1860698b79522510da17bef885171f75aa395cff099d770c609c24"
dependencies = [
 "spinning_top 0.1.1",
]

[[package]]
name = "lock_api"
version = "0.3.4"
source = "registry+https://github.com/rust-lang/crates.io-index"
checksum = "c4da24a77a3d8a6d4862d95f72e6fdb9c09a643ecdb402d754004a557f2bec75"
dependencies = [
 "scopeguard",
]

[[package]]
name = "lock_api"
version = "0.4.2"
source = "registry+https://github.com/rust-lang/crates.io-index"
checksum = "dd96ffd135b2fd7b973ac026d28085defbe8983df057ced3eb4f2130b0831312"
dependencies = [
 "scopeguard",
]

[[package]]
name = "log"
version = "0.4.14"
source = "registry+https://github.com/rust-lang/crates.io-index"
checksum = "51b9bbe6c47d51fc3e1a9b945965946b4c44142ab8792c50835a980d362c2710"
dependencies = [
 "cfg-if",
]

[[package]]
name = "os"
version = "0.1.0"
dependencies = [
 "bootloader",
 "conquer-once",
 "crossbeam-queue",
 "futures-util",
 "linked_list_allocator",
 "log",
 "pc-keyboard",
 "pic8259_simple",
 "ps2",
 "spinning_top 0.2.2",
 "tinypci",
 "uart_16550",
 "volatile",
 "x86_64 0.13.2",
]

[[package]]
name = "pc-keyboard"
version = "0.5.1"
source = "registry+https://github.com/rust-lang/crates.io-index"
checksum = "5c6f2d937e3b8d63449b01401e2bae4041bc9dd1129c2e3e0d239407cf6635ac"

[[package]]
name = "pic8259_simple"
version = "0.2.0"
source = "registry+https://github.com/rust-lang/crates.io-index"
checksum = "af2a5497fb8e59bf8015f67b7dff238d75ef445e03f23edac24ac3a8f09be952"
dependencies = [
 "cpuio",
]

[[package]]
name = "pin-project-lite"
version = "0.2.6"
source = "registry+https://github.com/rust-lang/crates.io-index"
checksum = "dc0e1f259c92177c30a4c9d177246edd0a3568b25756a977d0632cf8fa37e905"

[[package]]
name = "pin-utils"
version = "0.1.0"
source = "registry+https://github.com/rust-lang/crates.io-index"
checksum = "8b870d8c151b6f2fb93e84a13146138f05d02ed11c7e7c54f8826aaaf7c9f184"

[[package]]
name = "ps2"
version = "0.1.1"
dependencies = [
 "bitflags",
 "x86_64 0.12.4",
]

[[package]]
name = "scopeguard"
version = "1.1.0"
source = "registry+https://github.com/rust-lang/crates.io-index"
checksum = "d29ab0c6d3fc0ee92fe66e2d99f700eab17a8d57d1c1d3b748380fb20baa78cd"

[[package]]
name = "spinning_top"
version = "0.1.1"
source = "registry+https://github.com/rust-lang/crates.io-index"
checksum = "047031d6df5f5ae0092c97aa4f6bb04cfc9c081b4cd4cb9cdb38657994279a00"
dependencies = [
 "lock_api 0.3.4",
]

[[package]]
name = "spinning_top"
version = "0.2.2"
source = "registry+https://github.com/rust-lang/crates.io-index"
checksum = "7e529d73e80d64b5f2631f9035113347c578a1c9c7774b83a2b880788459ab36"
dependencies = [
 "lock_api 0.4.2",
]

[[package]]
name = "tinypci"
version = "0.1.0"
source = "git+https://github.com/trashbyte/tinypci#f1afba83f809210cfed8630d284ceffe9e32cd14"

[[package]]
name = "uart_16550"
version = "0.2.12"
source = "registry+https://github.com/rust-lang/crates.io-index"
checksum = "8d45a3c9181dc9ba7d35d02b3c36d1604155289d935b7946510fb3d2f4b976d9"
dependencies = [
 "bitflags",
 "x86_64 0.13.2",
]

[[package]]
name = "volatile"
version = "0.3.0"
source = "registry+https://github.com/rust-lang/crates.io-index"
checksum = "f8e76fae08f03f96e166d2dfda232190638c10e0383841252416f9cfe2ae60e6"

[[package]]
name = "x86_64"
version = "0.12.4"
source = "registry+https://github.com/rust-lang/crates.io-index"
checksum = "8f3a6840d540b8dbe400f4ed5afe5816105ee5edebe485299a761d0d8b43cef7"
dependencies = [
 "bit_field",
 "bitflags",
]

[[package]]
name = "x86_64"
version = "0.13.2"
source = "registry+https://github.com/rust-lang/crates.io-index"
checksum = "b871116e3c83dad0795580b10b2b1dd05cb52ec719af36180371877b09681f7f"
dependencies = [
 "bit_field",
 "bitflags",
]
